%{
  "chumak": {:hex, :chumak, "1.3.0", "425e64819f64149122a43090e2c6c4732e042d7deb1d416bc9f29f4926779768", [:rebar3], [], "hexpm"},
  "dns": {:hex, :dns, "2.1.2", "81c46d39f7934f0e73368355126e4266762cf227ba61d5889635d83b2d64a493", [:mix], [{:socket, "~> 0.3.13", [hex: :socket, repo: "hexpm", optional: false]}], "hexpm"},
  "mdns": {:hex, :mdns, "1.0.2", "c8228dd44d3fdd55e9842cb7111c9145f2eeaa8b7adac75012ee0e250962215e", [:mix], [{:dns, "~> 2.0", [hex: :dns, repo: "hexpm", optional: false]}], "hexpm"},
  "msgpack": {:hex, :msgpack, "0.7.0", "128ae0a2227c7e7a2847c0f0f73551c268464f8c1ee96bffb920bc0a5712b295", [:rebar3], [], "hexpm"},
  "socket": {:hex, :socket, "0.3.13", "98a2ab20ce17f95fb512c5cadddba32b57273e0d2dba2d2e5f976c5969d0c632", [:mix], [], "hexpm"},
}
